Microsoft Visual Studio Solution File, Format Version 11.00
# Visual Studio 2008

Project("{FB552D56-048A-8019-7F77-2AC947C8B875}") = "Exodus_V02", "Assembly-CSharp-firstpass.csproj", "{C3DB703D-6FBB-3F4F-FC45-78D04FB7346F}"
EndProject
Project("{FB552D56-048A-8019-7F77-2AC947C8B875}") = "Exodus_V02", "Assembly-CSharp.csproj", "{5B549FC9-AD35-677C-2139-817B05E04493}"
EndProject
Project("{FB552D56-048A-8019-7F77-2AC947C8B875}") = "Exodus_V02", "Assembly-CSharp-Editor.csproj", "{E8864401-1EBE-3581-60F4-DA8FB79BFA5C}"
EndProject
Global
	GlobalSection(SolutionConfigurationPlatforms) = preSolution
		Debug|Any CPU = Debug|Any CPU
		Release|Any CPU = Release|Any CPU
	EndGlobalSection
	GlobalSection(ProjectConfigurationPlatforms) = postSolution
		{C3DB703D-6FBB-3F4F-FC45-78D04FB7346F}.Debug|Any CPU.ActiveCfg = Debug|Any CPU
		{C3DB703D-6FBB-3F4F-FC45-78D04FB7346F}.Debug|Any CPU.Build.0 = Debug|Any CPU
		{C3DB703D-6FBB-3F4F-FC45-78D04FB7346F}.Release|Any CPU.ActiveCfg = Release|Any CPU
		{C3DB703D-6FBB-3F4F-FC45-78D04FB7346F}.Release|Any CPU.Build.0 = Release|Any CPU
		{5B549FC9-AD35-677C-2139-817B05E04493}.Debug|Any CPU.ActiveCfg = Debug|Any CPU
		{5B549FC9-AD35-677C-2139-817B05E04493}.Debug|Any CPU.Build.0 = Debug|Any CPU
		{5B549FC9-AD35-677C-2139-817B05E04493}.Release|Any CPU.ActiveCfg = Release|Any CPU
		{5B549FC9-AD35-677C-2139-817B05E04493}.Release|Any CPU.Build.0 = Release|Any CPU
		{E8864401-1EBE-3581-60F4-DA8FB79BFA5C}.Debug|Any CPU.ActiveCfg = Debug|Any CPU
		{E8864401-1EBE-3581-60F4-DA8FB79BFA5C}.Debug|Any CPU.Build.0 = Debug|Any CPU
		{E8864401-1EBE-3581-60F4-DA8FB79BFA5C}.Release|Any CPU.ActiveCfg = Release|Any CPU
		{E8864401-1EBE-3581-60F4-DA8FB79BFA5C}.Release|Any CPU.Build.0 = Release|Any CPU
	EndGlobalSection
	GlobalSection(SolutionProperties) = preSolution
		HideSolutionNode = FALSE
	EndGlobalSection
																																																																																																																																																																																																																																																																																																																																																																											GlobalSection(MonoDevelopProperties) = preSolution
		StartupItem = Assembly-CSharp.csproj
		Policies = $0
		$0.TextStylePolicy = $1
		$1.inheritsSet = null
		$1.scope = text/x-csharp
		$0.CSharpFormattingPolicy = $2
		$2.inheritsSet = Mono
		$2.inheritsScope = text/x-csharp
		$2.scope = text/x-csharp
		$0.TextStylePolicy = $3
		$3.FileWidth = 120
		$3.TabWidth = 4
		$3.IndentWidth = 4
		$3.EolMarker = Unix
		$3.inheritsSet = Mono
		$3.inheritsScope = text/plain
		$3.scope = text/plain
	EndGlobalSection

EndGlobal
